// !$*UTF8*$!
{
	archiveVersion = 1;
	classes = {
	};
	objectVersion = 60;
	objects = {

/* Begin PBXBuildFile section */
		8A3F3F5F2BD8000100A11001 /* BirdNETGoApp.swift in Sources */ = {isa = PBXBuildFile; fileRef = 8A3F3F5A2BD8000100A11001 /* BirdNETGoApp.swift */; };
		8A3F3F602BD8000100A11001 /* AppTab.swift in Sources */ = {isa = PBXBuildFile; fileRef = 8A3F3F5B2BD8000100A11001 /* AppTab.swift */; };
		8A3F3F612BD8000100A11001 /* RootTabView.swift in Sources */ = {isa = PBXBuildFile; fileRef = 8A3F3F5C2BD8000100A11001 /* RootTabView.swift */; };
		8A3F3F622BD8000100A11001 /* FeedView.swift in Sources */ = {isa = PBXBuildFile; fileRef = 8A3F3F5D2BD8000100A11001 /* FeedView.swift */; };
		8A3F3F632BD8000100A11001 /* SpeciesView.swift in Sources */ = {isa = PBXBuildFile; fileRef = 8A3F3F5E2BD8000100A11001 /* SpeciesView.swift */; };
		8A3F3F692BD8000100A11001 /* StatsView.swift in Sources */ = {isa = PBXBuildFile; fileRef = 8A3F3F682BD8000100A11001 /* StatsView.swift */; };
		8A3F3F6B2BD8000100A11001 /* StationView.swift in Sources */ = {isa = PBXBuildFile; fileRef = 8A3F3F6A2BD8000100A11001 /* StationView.swift */; };
		8A3F3F702BD8000100A11001 /* Assets.xcassets in Resources */ = {isa = PBXBuildFile; fileRef = 8A3F3F6F2BD8000100A11001 /* Assets.xcassets */; };
		8A3F40802BD9000100A11001 /* AppEnvironment.swift in Sources */ = {isa = PBXBuildFile; fileRef = 8A3F40792BD9000100A11001 /* AppEnvironment.swift */; };
		8A3F40812BD9000100A11001 /* StationProfile.swift in Sources */ = {isa = PBXBuildFile; fileRef = 8A3F407A2BD9000100A11001 /* StationProfile.swift */; };
		8A3F40822BD9000100A11001 /* StationConnectionStatus.swift in Sources */ = {isa = PBXBuildFile; fileRef = 8A3F407B2BD9000100A11001 /* StationConnectionStatus.swift */; };
		8A3F40832BD9000100A11001 /* BirdNETGoAPIClient.swift in Sources */ = {isa = PBXBuildFile; fileRef = 8A3F407C2BD9000100A11001 /* BirdNETGoAPIClient.swift */; };
		8A3F40842BD9000100A11001 /* URLSessionBirdNETGoAPIClient.swift in Sources */ = {isa = PBXBuildFile; fileRef = 8A3F407D2BD9000100A11001 /* URLSessionBirdNETGoAPIClient.swift */; };
		8A3F40852BD9000100A11001 /* StationProfileStore.swift in Sources */ = {isa = PBXBuildFile; fileRef = 8A3F407E2BD9000100A11001 /* StationProfileStore.swift */; };
		8A3F40862BD9000100A11001 /* InMemoryStationProfileStore.swift in Sources */ = {isa = PBXBuildFile; fileRef = 8A3F407F2BD9000100A11001 /* InMemoryStationProfileStore.swift */; };
		8A3F40902BD9000200A11001 /* KeychainStationCredentialStore.swift in Sources */ = {isa = PBXBuildFile; fileRef = 8A3F408E2BD9000200A11001 /* KeychainStationCredentialStore.swift */; };
		8A3F40912BD9000200A11001 /* StationViewModel.swift in Sources */ = {isa = PBXBuildFile; fileRef = 8A3F408F2BD9000200A11001 /* StationViewModel.swift */; };
		8A3F40942BD9000300A11001 /* AppConfiguration.swift in Sources */ = {isa = PBXBuildFile; fileRef = 8A3F40932BD9000300A11001 /* AppConfiguration.swift */; };
		8A3F40962BD9000300A11001 /* UserDefaultsStationProfileStore.swift in Sources */ = {isa = PBXBuildFile; fileRef = 8A3F40952BD9000300A11001 /* UserDefaultsStationProfileStore.swift */; };
		8A3F40982BD9000300A11001 /* AppPreferenceStore.swift in Sources */ = {isa = PBXBuildFile; fileRef = 8A3F40972BD9000300A11001 /* AppPreferenceStore.swift */; };
		8A3F409A2BD9000300A11001 /* UserDefaultsAppPreferenceStore.swift in Sources */ = {isa = PBXBuildFile; fileRef = 8A3F40992BD9000300A11001 /* UserDefaultsAppPreferenceStore.swift */; };
		8A3F409C2BD9000300A11001 /* LocalCacheStore.swift in Sources */ = {isa = PBXBuildFile; fileRef = 8A3F409B2BD9000300A11001 /* LocalCacheStore.swift */; };
		8A3F409E2BD9000400A11001 /* BirdDetection.swift in Sources */ = {isa = PBXBuildFile; fileRef = 8A3F409D2BD9000400A11001 /* BirdDetection.swift */; };
		8A3F40A02BD9000400A11001 /* FeedViewModel.swift in Sources */ = {isa = PBXBuildFile; fileRef = 8A3F409F2BD9000400A11001 /* FeedViewModel.swift */; };
		8A3F40A22BD9000500A11001 /* BirdDetectionStream.swift in Sources */ = {isa = PBXBuildFile; fileRef = 8A3F40A12BD9000500A11001 /* BirdDetectionStream.swift */; };
		8A3F40A42BD9000600A11001 /* DetectionDetailView.swift in Sources */ = {isa = PBXBuildFile; fileRef = 8A3F40A32BD9000600A11001 /* DetectionDetailView.swift */; };
		8A3F40A62BD9000600A11001 /* DetectionDetailViewModel.swift in Sources */ = {isa = PBXBuildFile; fileRef = 8A3F40A52BD9000600A11001 /* DetectionDetailViewModel.swift */; };
		8A3F40A82BD9000600A11001 /* AudioClipPlayerView.swift in Sources */ = {isa = PBXBuildFile; fileRef = 8A3F40A72BD9000600A11001 /* AudioClipPlayerView.swift */; };
		8A3F40AB2BD9000700A11001 /* SpectrogramView.swift in Sources */ = {isa = PBXBuildFile; fileRef = 8A3F40AA2BD9000700A11001 /* SpectrogramView.swift */; };
		8A3F40AD2BD9000800A11001 /* AppError.swift in Sources */ = {isa = PBXBuildFile; fileRef = 8A3F40AC2BD9000800A11001 /* AppError.swift */; };
		8A3F40AF2BD9000800A11001 /* DiagnosticsService.swift in Sources */ = {isa = PBXBuildFile; fileRef = 8A3F40AE2BD9000800A11001 /* DiagnosticsService.swift */; };
		8A3F40B12BD9000900A11001 /* StationSpecies.swift in Sources */ = {isa = PBXBuildFile; fileRef = 8A3F40B02BD9000900A11001 /* StationSpecies.swift */; };
		8A3F40B32BD9000900A11001 /* SpeciesViewModel.swift in Sources */ = {isa = PBXBuildFile; fileRef = 8A3F40B22BD9000900A11001 /* SpeciesViewModel.swift */; };
		8A3F40B52BD9000A00A11001 /* DailySpeciesSummary.swift in Sources */ = {isa = PBXBuildFile; fileRef = 8A3F40B42BD9000A00A11001 /* DailySpeciesSummary.swift */; };
		8A3F40B72BD9000A00A11001 /* StatsViewModel.swift in Sources */ = {isa = PBXBuildFile; fileRef = 8A3F40B62BD9000A00A11001 /* StatsViewModel.swift */; };
		8A3F40B92BD9000B00A11001 /* SpeciesDetailView.swift in Sources */ = {isa = PBXBuildFile; fileRef = 8A3F40B82BD9000B00A11001 /* SpeciesDetailView.swift */; };
		8A3F40BB2BD9000B00A11001 /* SpeciesDetailViewModel.swift in Sources */ = {isa = PBXBuildFile; fileRef = 8A3F40BA2BD9000B00A11001 /* SpeciesDetailViewModel.swift */; };
/* End PBXBuildFile section */

/* Begin PBXFileReference section */
		8A3F3F4D2BD8000100A11001 /* BirdNETGo.app */ = {isa = PBXFileReference; explicitFileType = wrapper.application; includeInIndex = 0; path = BirdNETGo.app; sourceTree = BUILT_PRODUCTS_DIR; };
		8A3F3F5A2BD8000100A11001 /* BirdNETGoApp.swift */ = {isa = PBXFileReference; lastKnownFileType = sourcecode.swift; path = BirdNETGoApp.swift; sourceTree = "<group>"; };
		8A3F3F5B2BD8000100A11001 /* AppTab.swift */ = {isa = PBXFileReference; lastKnownFileType = sourcecode.swift; path = AppTab.swift; sourceTree = "<group>"; };
		8A3F3F5C2BD8000100A11001 /* RootTabView.swift */ = {isa = PBXFileReference; lastKnownFileType = sourcecode.swift; path = RootTabView.swift; sourceTree = "<group>"; };
		8A3F3F5D2BD8000100A11001 /* FeedView.swift */ = {isa = PBXFileReference; lastKnownFileType = sourcecode.swift; path = FeedView.swift; sourceTree = "<group>"; };
		8A3F3F5E2BD8000100A11001 /* SpeciesView.swift */ = {isa = PBXFileReference; lastKnownFileType = sourcecode.swift; path = SpeciesView.swift; sourceTree = "<group>"; };
		8A3F3F682BD8000100A11001 /* StatsView.swift */ = {isa = PBXFileReference; lastKnownFileType = sourcecode.swift; path = StatsView.swift; sourceTree = "<group>"; };
		8A3F3F6A2BD8000100A11001 /* StationView.swift */ = {isa = PBXFileReference; lastKnownFileType = sourcecode.swift; path = StationView.swift; sourceTree = "<group>"; };
		8A3F3F6F2BD8000100A11001 /* Assets.xcassets */ = {isa = PBXFileReference; lastKnownFileType = folder.assetcatalog; path = Assets.xcassets; sourceTree = "<group>"; };
		8A3F40792BD9000100A11001 /* AppEnvironment.swift */ = {isa = PBXFileReference; lastKnownFileType = sourcecode.swift; path = AppEnvironment.swift; sourceTree = "<group>"; };
		8A3F407A2BD9000100A11001 /* StationProfile.swift */ = {isa = PBXFileReference; lastKnownFileType = sourcecode.swift; path = StationProfile.swift; sourceTree = "<group>"; };
		8A3F407B2BD9000100A11001 /* StationConnectionStatus.swift */ = {isa = PBXFileReference; lastKnownFileType = sourcecode.swift; path = StationConnectionStatus.swift; sourceTree = "<group>"; };
		8A3F407C2BD9000100A11001 /* BirdNETGoAPIClient.swift */ = {isa = PBXFileReference; lastKnownFileType = sourcecode.swift; path = BirdNETGoAPIClient.swift; sourceTree = "<group>"; };
		8A3F407D2BD9000100A11001 /* URLSessionBirdNETGoAPIClient.swift */ = {isa = PBXFileReference; lastKnownFileType = sourcecode.swift; path = URLSessionBirdNETGoAPIClient.swift; sourceTree = "<group>"; };
		8A3F407E2BD9000100A11001 /* StationProfileStore.swift */ = {isa = PBXFileReference; lastKnownFileType = sourcecode.swift; path = StationProfileStore.swift; sourceTree = "<group>"; };
		8A3F407F2BD9000100A11001 /* InMemoryStationProfileStore.swift */ = {isa = PBXFileReference; lastKnownFileType = sourcecode.swift; path = InMemoryStationProfileStore.swift; sourceTree = "<group>"; };
		8A3F408E2BD9000200A11001 /* KeychainStationCredentialStore.swift */ = {isa = PBXFileReference; lastKnownFileType = sourcecode.swift; path = KeychainStationCredentialStore.swift; sourceTree = "<group>"; };
		8A3F408F2BD9000200A11001 /* StationViewModel.swift */ = {isa = PBXFileReference; lastKnownFileType = sourcecode.swift; path = StationViewModel.swift; sourceTree = "<group>"; };
		8A3F40922BD9000200A11001 /* Info.plist */ = {isa = PBXFileReference; lastKnownFileType = text.plist.xml; path = Info.plist; sourceTree = "<group>"; };
		8A3F40932BD9000300A11001 /* AppConfiguration.swift */ = {isa = PBXFileReference; lastKnownFileType = sourcecode.swift; path = AppConfiguration.swift; sourceTree = "<group>"; };
		8A3F40952BD9000300A11001 /* UserDefaultsStationProfileStore.swift */ = {isa = PBXFileReference; lastKnownFileType = sourcecode.swift; path = UserDefaultsStationProfileStore.swift; sourceTree = "<group>"; };
		8A3F40972BD9000300A11001 /* AppPreferenceStore.swift */ = {isa = PBXFileReference; lastKnownFileType = sourcecode.swift; path = AppPreferenceStore.swift; sourceTree = "<group>"; };
		8A3F40992BD9000300A11001 /* UserDefaultsAppPreferenceStore.swift */ = {isa = PBXFileReference; lastKnownFileType = sourcecode.swift; path = UserDefaultsAppPreferenceStore.swift; sourceTree = "<group>"; };
		8A3F409B2BD9000300A11001 /* LocalCacheStore.swift */ = {isa = PBXFileReference; lastKnownFileType = sourcecode.swift; path = LocalCacheStore.swift; sourceTree = "<group>"; };
		8A3F409D2BD9000400A11001 /* BirdDetection.swift */ = {isa = PBXFileReference; lastKnownFileType = sourcecode.swift; path = BirdDetection.swift; sourceTree = "<group>"; };
		8A3F409F2BD9000400A11001 /* FeedViewModel.swift */ = {isa = PBXFileReference; lastKnownFileType = sourcecode.swift; path = FeedViewModel.swift; sourceTree = "<group>"; };
		8A3F40A12BD9000500A11001 /* BirdDetectionStream.swift */ = {isa = PBXFileReference; lastKnownFileType = sourcecode.swift; path = BirdDetectionStream.swift; sourceTree = "<group>"; };
		8A3F40A32BD9000600A11001 /* DetectionDetailView.swift */ = {isa = PBXFileReference; lastKnownFileType = sourcecode.swift; path = DetectionDetailView.swift; sourceTree = "<group>"; };
		8A3F40A52BD9000600A11001 /* DetectionDetailViewModel.swift */ = {isa = PBXFileReference; lastKnownFileType = sourcecode.swift; path = DetectionDetailViewModel.swift; sourceTree = "<group>"; };
		8A3F40A72BD9000600A11001 /* AudioClipPlayerView.swift */ = {isa = PBXFileReference; lastKnownFileType = sourcecode.swift; path = AudioClipPlayerView.swift; sourceTree = "<group>"; };
		8A3F40AA2BD9000700A11001 /* SpectrogramView.swift */ = {isa = PBXFileReference; lastKnownFileType = sourcecode.swift; path = SpectrogramView.swift; sourceTree = "<group>"; };
		8A3F40AC2BD9000800A11001 /* AppError.swift */ = {isa = PBXFileReference; lastKnownFileType = sourcecode.swift; path = AppError.swift; sourceTree = "<group>"; };
		8A3F40AE2BD9000800A11001 /* DiagnosticsService.swift */ = {isa = PBXFileReference; lastKnownFileType = sourcecode.swift; path = DiagnosticsService.swift; sourceTree = "<group>"; };
		8A3F40B02BD9000900A11001 /* StationSpecies.swift */ = {isa = PBXFileReference; lastKnownFileType = sourcecode.swift; path = StationSpecies.swift; sourceTree = "<group>"; };
		8A3F40B22BD9000900A11001 /* SpeciesViewModel.swift */ = {isa = PBXFileReference; lastKnownFileType = sourcecode.swift; path = SpeciesViewModel.swift; sourceTree = "<group>"; };
		8A3F40B42BD9000A00A11001 /* DailySpeciesSummary.swift */ = {isa = PBXFileReference; lastKnownFileType = sourcecode.swift; path = DailySpeciesSummary.swift; sourceTree = "<group>"; };
		8A3F40B62BD9000A00A11001 /* StatsViewModel.swift */ = {isa = PBXFileReference; lastKnownFileType = sourcecode.swift; path = StatsViewModel.swift; sourceTree = "<group>"; };
		8A3F40B82BD9000B00A11001 /* SpeciesDetailView.swift */ = {isa = PBXFileReference; lastKnownFileType = sourcecode.swift; path = SpeciesDetailView.swift; sourceTree = "<group>"; };
		8A3F40BA2BD9000B00A11001 /* SpeciesDetailViewModel.swift */ = {isa = PBXFileReference; lastKnownFileType = sourcecode.swift; path = SpeciesDetailViewModel.swift; sourceTree = "<group>"; };
/* End PBXFileReference section */

/* Begin PBXFrameworksBuildPhase section */
		8A3F3F4A2BD8000100A11001 /* Frameworks */ = {
			isa = PBXFrameworksBuildPhase;
			buildActionMask = 2147483647;
			files = (
			);
			runOnlyForDeploymentPostprocessing = 0;
		};
/* End PBXFrameworksBuildPhase section */

/* Begin PBXGroup section */
		8A3F3F442BD8000100A11001 = {
			isa = PBXGroup;
			children = (
				8A3F3F4E2BD8000100A11001 /* BirdNETGo */,
				8A3F3F4C2BD8000100A11001 /* Products */,
			);
			sourceTree = "<group>";
		};
		8A3F3F4C2BD8000100A11001 /* Products */ = {
			isa = PBXGroup;
			children = (
				8A3F3F4D2BD8000100A11001 /* BirdNETGo.app */,
			);
			name = Products;
			sourceTree = "<group>";
		};
		8A3F3F4E2BD8000100A11001 /* BirdNETGo */ = {
			isa = PBXGroup;
			children = (
				8A3F3F532BD8000100A11001 /* App */,
				8A3F40872BD9000100A11001 /* Domain */,
				8A3F40892BD9000100A11001 /* Networking */,
				8A3F408A2BD9000100A11001 /* Storage */,
				8A3F3F542BD8000100A11001 /* Features */,
				8A3F3F6E2BD8000100A11001 /* Resources */,
			);
			path = BirdNETGo;
			sourceTree = "<group>";
		};
		8A3F3F532BD8000100A11001 /* App */ = {
			isa = PBXGroup;
			children = (
				8A3F3F5A2BD8000100A11001 /* BirdNETGoApp.swift */,
				8A3F3F5B2BD8000100A11001 /* AppTab.swift */,
				8A3F3F5C2BD8000100A11001 /* RootTabView.swift */,
				8A3F40792BD9000100A11001 /* AppEnvironment.swift */,
				8A3F40932BD9000300A11001 /* AppConfiguration.swift */,
			);
			path = App;
			sourceTree = "<group>";
		};
		8A3F3F542BD8000100A11001 /* Features */ = {
			isa = PBXGroup;
			children = (
				8A3F3F552BD8000100A11001 /* Feed */,
				8A3F40A92BD9000600A11001 /* DetectionDetail */,
				8A3F3F562BD8000100A11001 /* Species */,
				8A3F3F572BD8000100A11001 /* Stats */,
				8A3F3F582BD8000100A11001 /* Station */,
			);
			path = Features;
			sourceTree = "<group>";
		};
		8A3F3F552BD8000100A11001 /* Feed */ = {
			isa = PBXGroup;
			children = (
				8A3F3F5D2BD8000100A11001 /* FeedView.swift */,
				8A3F409F2BD9000400A11001 /* FeedViewModel.swift */,
			);
			path = Feed;
			sourceTree = "<group>";
		};
		8A3F3F562BD8000100A11001 /* Species */ = {
			isa = PBXGroup;
			children = (
				8A3F3F5E2BD8000100A11001 /* SpeciesView.swift */,
				8A3F40B22BD9000900A11001 /* SpeciesViewModel.swift */,
				8A3F40B82BD9000B00A11001 /* SpeciesDetailView.swift */,
				8A3F40BA2BD9000B00A11001 /* SpeciesDetailViewModel.swift */,
			);
			path = Species;
			sourceTree = "<group>";
		};
		8A3F3F572BD8000100A11001 /* Stats */ = {
			isa = PBXGroup;
			children = (
				8A3F3F682BD8000100A11001 /* StatsView.swift */,
				8A3F40B62BD9000A00A11001 /* StatsViewModel.swift */,
			);
			path = Stats;
			sourceTree = "<group>";
		};
		8A3F3F582BD8000100A11001 /* Station */ = {
			isa = PBXGroup;
			children = (
				8A3F3F6A2BD8000100A11001 /* StationView.swift */,
				8A3F408F2BD9000200A11001 /* StationViewModel.swift */,
			);
			path = Station;
			sourceTree = "<group>";
		};
		8A3F3F6E2BD8000100A11001 /* Resources */ = {
			isa = PBXGroup;
			children = (
				8A3F40922BD9000200A11001 /* Info.plist */,
				8A3F3F6F2BD8000100A11001 /* Assets.xcassets */,
			);
			path = Resources;
			sourceTree = "<group>";
		};
		8A3F40872BD9000100A11001 /* Domain */ = {
			isa = PBXGroup;
			children = (
				8A3F40882BD9000100A11001 /* Models */,
			);
			path = Domain;
			sourceTree = "<group>";
		};
		8A3F40882BD9000100A11001 /* Models */ = {
			isa = PBXGroup;
			children = (
				8A3F407A2BD9000100A11001 /* StationProfile.swift */,
				8A3F407B2BD9000100A11001 /* StationConnectionStatus.swift */,
				8A3F409D2BD9000400A11001 /* BirdDetection.swift */,
				8A3F40B02BD9000900A11001 /* StationSpecies.swift */,
				8A3F40B42BD9000A00A11001 /* DailySpeciesSummary.swift */,
				8A3F40AC2BD9000800A11001 /* AppError.swift */,
			);
			path = Models;
			sourceTree = "<group>";
		};
		8A3F40892BD9000100A11001 /* Networking */ = {
			isa = PBXGroup;
			children = (
				8A3F407C2BD9000100A11001 /* BirdNETGoAPIClient.swift */,
				8A3F407D2BD9000100A11001 /* URLSessionBirdNETGoAPIClient.swift */,
				8A3F40A12BD9000500A11001 /* BirdDetectionStream.swift */,
			);
			path = Networking;
			sourceTree = "<group>";
		};
		8A3F408A2BD9000100A11001 /* Storage */ = {
			isa = PBXGroup;
			children = (
				8A3F407E2BD9000100A11001 /* StationProfileStore.swift */,
				8A3F407F2BD9000100A11001 /* InMemoryStationProfileStore.swift */,
				8A3F40952BD9000300A11001 /* UserDefaultsStationProfileStore.swift */,
				8A3F408E2BD9000200A11001 /* KeychainStationCredentialStore.swift */,
				8A3F40972BD9000300A11001 /* AppPreferenceStore.swift */,
				8A3F40992BD9000300A11001 /* UserDefaultsAppPreferenceStore.swift */,
				8A3F409B2BD9000300A11001 /* LocalCacheStore.swift */,
				8A3F40AE2BD9000800A11001 /* DiagnosticsService.swift */,
			);
			path = Storage;
			sourceTree = "<group>";
		};
		8A3F40A92BD9000600A11001 /* DetectionDetail */ = {
			isa = PBXGroup;
			children = (
				8A3F40A32BD9000600A11001 /* DetectionDetailView.swift */,
				8A3F40A52BD9000600A11001 /* DetectionDetailViewModel.swift */,
				8A3F40A72BD9000600A11001 /* AudioClipPlayerView.swift */,
				8A3F40AA2BD9000700A11001 /* SpectrogramView.swift */,
			);
			path = DetectionDetail;
			sourceTree = "<group>";
		};
/* End PBXGroup section */

/* Begin PBXNativeTarget section */
		8A3F3F4B2BD8000100A11001 /* BirdNETGo */ = {
			isa = PBXNativeTarget;
			buildConfigurationList = 8A3F3F752BD8000100A11001 /* Build configuration list for PBXNativeTarget "BirdNETGo" */;
			buildPhases = (
				8A3F3F492BD8000100A11001 /* Sources */,
				8A3F3F4A2BD8000100A11001 /* Frameworks */,
				8A3F3F712BD8000100A11001 /* Resources */,
			);
			buildRules = (
			);
			dependencies = (
			);
			name = BirdNETGo;
			productName = BirdNETGo;
			productReference = 8A3F3F4D2BD8000100A11001 /* BirdNETGo.app */;
			productType = "com.apple.product-type.application";
		};
/* End PBXNativeTarget section */

/* Begin PBXProject section */
		8A3F3F452BD8000100A11001 /* Project object */ = {
			isa = PBXProject;
			attributes = {
				BuildIndependentTargetsInParallel = 1;
				LastSwiftUpdateCheck = 2610;
				LastUpgradeCheck = 2610;
				TargetAttributes = {
					8A3F3F4B2BD8000100A11001 = {
						CreatedOnToolsVersion = 26.1.1;
					};
				};
			};
			buildConfigurationList = 8A3F3F482BD8000100A11001 /* Build configuration list for PBXProject "BirdNETGo" */;
			compatibilityVersion = "Xcode 15.0";
			developmentRegion = en;
			hasScannedForEncodings = 0;
			knownRegions = (
				en,
				Base,
			);
			mainGroup = 8A3F3F442BD8000100A11001;
			productRefGroup = 8A3F3F4C2BD8000100A11001 /* Products */;
			projectDirPath = "";
			projectRoot = "";
			targets = (
				8A3F3F4B2BD8000100A11001 /* BirdNETGo */,
			);
		};
/* End PBXProject section */

/* Begin PBXResourcesBuildPhase section */
		8A3F3F712BD8000100A11001 /* Resources */ = {
			isa = PBXResourcesBuildPhase;
			buildActionMask = 2147483647;
			files = (
				8A3F3F702BD8000100A11001 /* Assets.xcassets in Resources */,
			);
			runOnlyForDeploymentPostprocessing = 0;
		};
/* End PBXResourcesBuildPhase section */

/* Begin PBXSourcesBuildPhase section */
		8A3F3F492BD8000100A11001 /* Sources */ = {
			isa = PBXSourcesBuildPhase;
			buildActionMask = 2147483647;
			files = (
				8A3F3F5F2BD8000100A11001 /* BirdNETGoApp.swift in Sources */,
				8A3F3F602BD8000100A11001 /* AppTab.swift in Sources */,
				8A3F3F612BD8000100A11001 /* RootTabView.swift in Sources */,
				8A3F40802BD9000100A11001 /* AppEnvironment.swift in Sources */,
				8A3F40942BD9000300A11001 /* AppConfiguration.swift in Sources */,
				8A3F40812BD9000100A11001 /* StationProfile.swift in Sources */,
				8A3F40822BD9000100A11001 /* StationConnectionStatus.swift in Sources */,
				8A3F409E2BD9000400A11001 /* BirdDetection.swift in Sources */,
				8A3F40B12BD9000900A11001 /* StationSpecies.swift in Sources */,
				8A3F40B52BD9000A00A11001 /* DailySpeciesSummary.swift in Sources */,
				8A3F40AD2BD9000800A11001 /* AppError.swift in Sources */,
				8A3F40832BD9000100A11001 /* BirdNETGoAPIClient.swift in Sources */,
				8A3F40842BD9000100A11001 /* URLSessionBirdNETGoAPIClient.swift in Sources */,
				8A3F40A22BD9000500A11001 /* BirdDetectionStream.swift in Sources */,
				8A3F40852BD9000100A11001 /* StationProfileStore.swift in Sources */,
				8A3F40862BD9000100A11001 /* InMemoryStationProfileStore.swift in Sources */,
				8A3F40962BD9000300A11001 /* UserDefaultsStationProfileStore.swift in Sources */,
				8A3F40902BD9000200A11001 /* KeychainStationCredentialStore.swift in Sources */,
				8A3F40982BD9000300A11001 /* AppPreferenceStore.swift in Sources */,
				8A3F409A2BD9000300A11001 /* UserDefaultsAppPreferenceStore.swift in Sources */,
				8A3F409C2BD9000300A11001 /* LocalCacheStore.swift in Sources */,
				8A3F40AF2BD9000800A11001 /* DiagnosticsService.swift in Sources */,
				8A3F40912BD9000200A11001 /* StationViewModel.swift in Sources */,
				8A3F3F622BD8000100A11001 /* FeedView.swift in Sources */,
				8A3F40A02BD9000400A11001 /* FeedViewModel.swift in Sources */,
				8A3F40A42BD9000600A11001 /* DetectionDetailView.swift in Sources */,
				8A3F40A62BD9000600A11001 /* DetectionDetailViewModel.swift in Sources */,
				8A3F40A82BD9000600A11001 /* AudioClipPlayerView.swift in Sources */,
				8A3F40AB2BD9000700A11001 /* SpectrogramView.swift in Sources */,
				8A3F3F632BD8000100A11001 /* SpeciesView.swift in Sources */,
				8A3F40B32BD9000900A11001 /* SpeciesViewModel.swift in Sources */,
				8A3F40B92BD9000B00A11001 /* SpeciesDetailView.swift in Sources */,
				8A3F40BB2BD9000B00A11001 /* SpeciesDetailViewModel.swift in Sources */,
				8A3F3F692BD8000100A11001 /* StatsView.swift in Sources */,
				8A3F40B72BD9000A00A11001 /* StatsViewModel.swift in Sources */,
				8A3F3F6B2BD8000100A11001 /* StationView.swift in Sources */,
			);
			runOnlyForDeploymentPostprocessing = 0;
		};
/* End PBXSourcesBuildPhase section */

/* Begin XCBuildConfiguration section */
		8A3F3F722BD8000100A11001 /* Debug */ = {
			isa = XCBuildConfiguration;
			buildSettings = {
				ALWAYS_SEARCH_USER_PATHS = NO;
				CLANG_ANALYZER_NONNULL = YES;
				CLANG_ANALYZER_NUMBER_OBJECT_CONVERSION = YES_AGGRESSIVE;
				CLANG_CXX_LANGUAGE_STANDARD = "gnu++20";
				CLANG_ENABLE_MODULES = YES;
				CLANG_ENABLE_OBJC_ARC = YES;
				CLANG_ENABLE_OBJC_WEAK = YES;
				CLANG_WARN_BLOCK_CAPTURE_AUTORELEASING = YES;
				CLANG_WARN_BOOL_CONVERSION = YES;
				CLANG_WARN_COMMA = YES;
				CLANG_WARN_CONSTANT_CONVERSION = YES;
				CLANG_WARN_DEPRECATED_OBJC_IMPLEMENTATIONS = YES;
				CLANG_WARN_DIRECT_OBJC_ISA_USAGE = YES_ERROR;
				CLANG_WARN_DOCUMENTATION_COMMENTS = YES;
				CLANG_WARN_EMPTY_BODY = YES;
				CLANG_WARN_ENUM_CONVERSION = YES;
				CLANG_WARN_INFINITE_RECURSION = YES;
				CLANG_WARN_INT_CONVERSION = YES;
				CLANG_WARN_NON_LITERAL_NULL_CONVERSION = YES;
				CLANG_WARN_OBJC_IMPLICIT_RETAIN_SELF = YES;
				CLANG_WARN_OBJC_LITERAL_CONVERSION = YES;
				CLANG_WARN_OBJC_ROOT_CLASS = YES_ERROR;
				CLANG_WARN_QUOTED_INCLUDE_IN_FRAMEWORK_HEADER = YES;
				CLANG_WARN_RANGE_LOOP_ANALYSIS = YES;
				CLANG_WARN_STRICT_PROTOTYPES = YES;
				CLANG_WARN_SUSPICIOUS_MOVE = YES;
				CLANG_WARN_UNGUARDED_AVAILABILITY = YES_AGGRESSIVE;
				CLANG_WARN_UNREACHABLE_CODE = YES;
				CLANG_WARN__DUPLICATE_METHOD_MATCH = YES;
				COPY_PHASE_STRIP = NO;
				DEBUG_INFORMATION_FORMAT = dwarf;
				ENABLE_STRICT_OBJC_MSGSEND = YES;
				ENABLE_TESTABILITY = YES;
				ENABLE_USER_SCRIPT_SANDBOXING = YES;
				GCC_C_LANGUAGE_STANDARD = gnu17;
				GCC_DYNAMIC_NO_PIC = NO;
				GCC_NO_COMMON_BLOCKS = YES;
				GCC_OPTIMIZATION_LEVEL = 0;
				GCC_PREPROCESSOR_DEFINITIONS = (
					"DEBUG=1",
					"$(inherited)",
				);
				GCC_WARN_64_TO_32_BIT_CONVERSION = YES;
				GCC_WARN_ABOUT_RETURN_TYPE = YES_ERROR;
				GCC_WARN_UNDECLARED_SELECTOR = YES;
				GCC_WARN_UNINITIALIZED_AUTOS = YES_AGGRESSIVE;
				GCC_WARN_UNUSED_FUNCTION = YES;
				GCC_WARN_UNUSED_VARIABLE = YES;
				IPHONEOS_DEPLOYMENT_TARGET = 18.0;
				LOCALIZATION_PREFERS_STRING_CATALOGS = YES;
				MTL_ENABLE_DEBUG_INFO = INCLUDE_SOURCE;
				MTL_FAST_MATH = YES;
				ONLY_ACTIVE_ARCH = YES;
				SDKROOT = iphoneos;
				SWIFT_ACTIVE_COMPILATION_CONDITIONS = DEBUG;
				SWIFT_OPTIMIZATION_LEVEL = "-Onone";
			};
			name = Debug;
		};
		8A3F3F732BD8000100A11001 /* Release */ = {
			isa = XCBuildConfiguration;
			buildSettings = {
				ALWAYS_SEARCH_USER_PATHS = NO;
				CLANG_ANALYZER_NONNULL = YES;
				CLANG_ANALYZER_NUMBER_OBJECT_CONVERSION = YES_AGGRESSIVE;
				CLANG_CXX_LANGUAGE_STANDARD = "gnu++20";
				CLANG_ENABLE_MODULES = YES;
				CLANG_ENABLE_OBJC_ARC = YES;
				CLANG_ENABLE_OBJC_WEAK = YES;
				CLANG_WARN_BLOCK_CAPTURE_AUTORELEASING = YES;
				CLANG_WARN_BOOL_CONVERSION = YES;
				CLANG_WARN_COMMA = YES;
				CLANG_WARN_CONSTANT_CONVERSION = YES;
				CLANG_WARN_DEPRECATED_OBJC_IMPLEMENTATIONS = YES;
				CLANG_WARN_DIRECT_OBJC_ISA_USAGE = YES_ERROR;
				CLANG_WARN_DOCUMENTATION_COMMENTS = YES;
				CLANG_WARN_EMPTY_BODY = YES;
				CLANG_WARN_ENUM_CONVERSION = YES;
				CLANG_WARN_INFINITE_RECURSION = YES;
				CLANG_WARN_INT_CONVERSION = YES;
				CLANG_WARN_NON_LITERAL_NULL_CONVERSION = YES;
				CLANG_WARN_OBJC_IMPLICIT_RETAIN_SELF = YES;
				CLANG_WARN_OBJC_LITERAL_CONVERSION = YES;
				CLANG_WARN_OBJC_ROOT_CLASS = YES_ERROR;
				CLANG_WARN_QUOTED_INCLUDE_IN_FRAMEWORK_HEADER = YES;
				CLANG_WARN_RANGE_LOOP_ANALYSIS = YES;
				CLANG_WARN_STRICT_PROTOTYPES = YES;
				CLANG_WARN_SUSPICIOUS_MOVE = YES;
				CLANG_WARN_UNGUARDED_AVAILABILITY = YES_AGGRESSIVE;
				CLANG_WARN_UNREACHABLE_CODE = YES;
				CLANG_WARN__DUPLICATE_METHOD_MATCH = YES;
				COPY_PHASE_STRIP = NO;
				DEBUG_INFORMATION_FORMAT = "dwarf-with-dsym";
				ENABLE_NS_ASSERTIONS = NO;
				ENABLE_STRICT_OBJC_MSGSEND = YES;
				ENABLE_USER_SCRIPT_SANDBOXING = YES;
				GCC_C_LANGUAGE_STANDARD = gnu17;
				GCC_NO_COMMON_BLOCKS = YES;
				GCC_WARN_64_TO_32_BIT_CONVERSION = YES;
				GCC_WARN_ABOUT_RETURN_TYPE = YES_ERROR;
				GCC_WARN_UNDECLARED_SELECTOR = YES;
				GCC_WARN_UNINITIALIZED_AUTOS = YES_AGGRESSIVE;
				GCC_WARN_UNUSED_FUNCTION = YES;
				GCC_WARN_UNUSED_VARIABLE = YES;
				IPHONEOS_DEPLOYMENT_TARGET = 18.0;
				LOCALIZATION_PREFERS_STRING_CATALOGS = YES;
				MTL_ENABLE_DEBUG_INFO = NO;
				MTL_FAST_MATH = YES;
				SDKROOT = iphoneos;
				SWIFT_COMPILATION_MODE = wholemodule;
				VALIDATE_PRODUCT = YES;
			};
			name = Release;
		};
		8A3F3F762BD8000100A11001 /* Debug */ = {
			isa = XCBuildConfiguration;
			buildSettings = {
				ASSETCATALOG_COMPILER_APPICON_NAME = AppIcon;
				ASSETCATALOG_COMPILER_GLOBAL_ACCENT_COLOR_NAME = AccentColor;
				CODE_SIGN_STYLE = Automatic;
				CURRENT_PROJECT_VERSION = 1;
				DEVELOPMENT_ASSET_PATHS = "";
				DEVELOPMENT_TEAM = NV688MDJ78;
				ENABLE_PREVIEWS = YES;
				GENERATE_INFOPLIST_FILE = NO;
				INFOPLIST_FILE = BirdNETGo/Resources/Info.plist;
				IPHONEOS_DEPLOYMENT_TARGET = 18.0;
				LD_RUNPATH_SEARCH_PATHS = (
					"$(inherited)",
					"@executable_path/Frameworks",
				);
				MARKETING_VERSION = "0.0.0-development";
				PRODUCT_BUNDLE_IDENTIFIER = org.odinseye.onpa;
				PRODUCT_NAME = "$(TARGET_NAME)";
				SUPPORTED_PLATFORMS = "iphoneos iphonesimulator";
				SUPPORTS_MACCATALYST = NO;
				SUPPORTS_MAC_DESIGNED_FOR_IPHONE_IPAD = NO;
				SWIFT_EMIT_LOC_STRINGS = YES;
				SWIFT_VERSION = 5.0;
				TARGETED_DEVICE_FAMILY = "1,2";
			};
			name = Debug;
		};
		8A3F3F772BD8000100A11001 /* Release */ = {
			isa = XCBuildConfiguration;
			buildSettings = {
				ASSETCATALOG_COMPILER_APPICON_NAME = AppIcon;
				ASSETCATALOG_COMPILER_GLOBAL_ACCENT_COLOR_NAME = AccentColor;
				CODE_SIGN_STYLE = Automatic;
				CURRENT_PROJECT_VERSION = 1;
				DEVELOPMENT_ASSET_PATHS = "";
				DEVELOPMENT_TEAM = NV688MDJ78;
				ENABLE_PREVIEWS = YES;
				GENERATE_INFOPLIST_FILE = NO;
				INFOPLIST_FILE = BirdNETGo/Resources/Info.plist;
				IPHONEOS_DEPLOYMENT_TARGET = 18.0;
				LD_RUNPATH_SEARCH_PATHS = (
					"$(inherited)",
					"@executable_path/Frameworks",
				);
				MARKETING_VERSION = "0.0.0-development";
				PRODUCT_BUNDLE_IDENTIFIER = org.odinseye.onpa;
				PRODUCT_NAME = "$(TARGET_NAME)";
				SUPPORTED_PLATFORMS = "iphoneos iphonesimulator";
				SUPPORTS_MACCATALYST = NO;
				SUPPORTS_MAC_DESIGNED_FOR_IPHONE_IPAD = NO;
				SWIFT_EMIT_LOC_STRINGS = YES;
				SWIFT_VERSION = 5.0;
				TARGETED_DEVICE_FAMILY = "1,2";
				VALIDATE_PRODUCT = YES;
			};
			name = Release;
		};
/* End XCBuildConfiguration section */

/* Begin XCConfigurationList section */
		8A3F3F482BD8000100A11001 /* Build configuration list for PBXProject "BirdNETGo" */ = {
			isa = XCConfigurationList;
			buildConfigurations = (
				8A3F3F722BD8000100A11001 /* Debug */,
				8A3F3F732BD8000100A11001 /* Release */,
			);
			defaultConfigurationIsVisible = 0;
			defaultConfigurationName = Release;
		};
		8A3F3F752BD8000100A11001 /* Build configuration list for PBXNativeTarget "BirdNETGo" */ = {
			isa = XCConfigurationList;
			buildConfigurations = (
				8A3F3F762BD8000100A11001 /* Debug */,
				8A3F3F772BD8000100A11001 /* Release */,
			);
			defaultConfigurationIsVisible = 0;
			defaultConfigurationName = Release;
		};
/* End XCConfigurationList section */
	};
	rootObject = 8A3F3F452BD8000100A11001 /* Project object */;
}
